// !$*UTF8*$!
{
	archiveVersion = 1;
	classes = {
	};
	objectVersion = 50;
	objects = {

/* Begin PBXBuildFile section */
		D033EFE626402154002DF85F /* egyptSiteData.json in Resources */ = {isa = PBXBuildFile; fileRef = D033EFE526402154002DF85F /* egyptSiteData.json */; };
		D033EFEC264022E7002DF85F /* malaysiaSiteData.json in Resources */ = {isa = PBXBuildFile; fileRef = D033EFE9264022E7002DF85F /* malaysiaSiteData.json */; };
		D033EFED264022E7002DF85F /* polandSiteData.json in Resources */ = {isa = PBXBuildFile; fileRef = D033EFEA264022E7002DF85F /* polandSiteData.json */; };
		D033EFEE264022E7002DF85F /* sudanSiteData.json in Resources */ = {isa = PBXBuildFile; fileRef = D033EFEB264022E7002DF85F /* sudanSiteData.json */; };
		D0D0B1D02625C15C008EB1A0 /* JsonParser.swift in Sources */ = {isa = PBXBuildFile; fileRef = D0D0B1CF2625C15C008EB1A0 /* JsonParser.swift */; };
		D0D7788226207D7700767574 /* AppDelegate.swift in Sources */ = {isa = PBXBuildFile; fileRef = D0D7788126207D7700767574 /* AppDelegate.swift */; };
		D0D7788426207D7700767574 /* SceneDelegate.swift in Sources */ = {isa = PBXBuildFile; fileRef = D0D7788326207D7700767574 /* SceneDelegate.swift */; };
		D0D7788626207D7700767574 /* ViewController.swift in Sources */ = {isa = PBXBuildFile; fileRef = D0D7788526207D7700767574 /* ViewController.swift */; };
		D0D7788926207D7700767574 /* Main.storyboard in Resources */ = {isa = PBXBuildFile; fileRef = D0D7788726207D7700767574 /* Main.storyboard */; };
		D0D7788B26207D7C00767574 /* Assets.xcassets in Resources */ = {isa = PBXBuildFile; fileRef = D0D7788A26207D7C00767574 /* Assets.xcassets */; };
		D0D7788E26207D7C00767574 /* LaunchScreen.storyboard in Resources */ = {isa = PBXBuildFile; fileRef = D0D7788C26207D7C00767574 /* LaunchScreen.storyboard */; };
		D0D77897262088EF00767574 /* diveSite.swift in Sources */ = {isa = PBXBuildFile; fileRef = D0D77896262088EF00767574 /* diveSite.swift */; };
		D0F2A59A262378670084ADBD /* DataParserError.swift in Sources */ = {isa = PBXBuildFile; fileRef = D0F2A599262378670084ADBD /* DataParserError.swift */; };
/* End PBXBuildFile section */

/* Begin PBXFileReference section */
		D033EFE526402154002DF85F /* egyptSiteData.json */ = {isa = PBXFileReference; fileEncoding = 4; lastKnownFileType = text.json; path = egyptSiteData.json; sourceTree = "<group>"; };
		D033EFE9264022E7002DF85F /* malaysiaSiteData.json */ = {isa = PBXFileReference; fileEncoding = 4; lastKnownFileType = text.json; path = malaysiaSiteData.json; sourceTree = "<group>"; };
		D033EFEA264022E7002DF85F /* polandSiteData.json */ = {isa = PBXFileReference; fileEncoding = 4; lastKnownFileType = text.json; path = polandSiteData.json; sourceTree = "<group>"; };
		D033EFEB264022E7002DF85F /* sudanSiteData.json */ = {isa = PBXFileReference; fileEncoding = 4; lastKnownFileType = text.json; path = sudanSiteData.json; sourceTree = "<group>"; };
		D0D0B1CF2625C15C008EB1A0 /* JsonParser.swift */ = {isa = PBXFileReference; lastKnownFileType = sourcecode.swift; path = JsonParser.swift; sourceTree = "<group>"; };
		D0D7787E26207D7700767574 /* diverCompanion.app */ = {isa = PBXFileReference; explicitFileType = wrapper.application; includeInIndex = 0; path = diverCompanion.app; sourceTree = BUILT_PRODUCTS_DIR; };
		D0D7788126207D7700767574 /* AppDelegate.swift */ = {isa = PBXFileReference; lastKnownFileType = sourcecode.swift; path = AppDelegate.swift; sourceTree = "<group>"; };
		D0D7788326207D7700767574 /* SceneDelegate.swift */ = {isa = PBXFileReference; lastKnownFileType = sourcecode.swift; path = SceneDelegate.swift; sourceTree = "<group>"; };
		D0D7788526207D7700767574 /* ViewController.swift */ = {isa = PBXFileReference; lastKnownFileType = sourcecode.swift; path = ViewController.swift; sourceTree = "<group>"; };
		D0D7788826207D7700767574 /* Base */ = {isa = PBXFileReference; lastKnownFileType = file.storyboard; name = Base; path = Base.lproj/Main.storyboard; sourceTree = "<group>"; };
		D0D7788A26207D7C00767574 /* Assets.xcassets */ = {isa = PBXFileReference; lastKnownFileType = folder.assetcatalog; path = Assets.xcassets; sourceTree = "<group>"; };
		D0D7788D26207D7C00767574 /* Base */ = {isa = PBXFileReference; lastKnownFileType = file.storyboard; name = Base; path = Base.lproj/LaunchScreen.storyboard; sourceTree = "<group>"; };
		D0D7788F26207D7C00767574 /* Info.plist */ = {isa = PBXFileReference; lastKnownFileType = text.plist.xml; path = Info.plist; sourceTree = "<group>"; };
		D0D77896262088EF00767574 /* diveSite.swift */ = {isa = PBXFileReference; lastKnownFileType = sourcecode.swift; path = diveSite.swift; sourceTree = "<group>"; };
		D0F2A599262378670084ADBD /* DataParserError.swift */ = {isa = PBXFileReference; lastKnownFileType = sourcecode.swift; path = DataParserError.swift; sourceTree = "<group>"; };
/* End PBXFileReference section */

/* Begin PBXFrameworksBuildPhase section */
		D0D7787B26207D7700767574 /* Frameworks */ = {
			isa = PBXFrameworksBuildPhase;
			buildActionMask = 2147483647;
			files = (
			);
			runOnlyForDeploymentPostprocessing = 0;
		};
/* End PBXFrameworksBuildPhase section */

/* Begin PBXGroup section */
		D0D7787526207D7700767574 = {
			isa = PBXGroup;
			children = (
				D0D7788026207D7700767574 /* diverCompanion */,
				D0D7787F26207D7700767574 /* Products */,
			);
			sourceTree = "<group>";
		};
		D0D7787F26207D7700767574 /* Products */ = {
			isa = PBXGroup;
			children = (
				D0D7787E26207D7700767574 /* diverCompanion.app */,
			);
			name = Products;
			sourceTree = "<group>";
		};
		D0D7788026207D7700767574 /* diverCompanion */ = {
			isa = PBXGroup;
			children = (
				D0D7788126207D7700767574 /* AppDelegate.swift */,
				D0D7788326207D7700767574 /* SceneDelegate.swift */,
				D0D7788526207D7700767574 /* ViewController.swift */,
				D0D7788726207D7700767574 /* Main.storyboard */,
				D0D7788A26207D7C00767574 /* Assets.xcassets */,
				D0D7788C26207D7C00767574 /* LaunchScreen.storyboard */,
				D0D7788F26207D7C00767574 /* Info.plist */,
				D0D77896262088EF00767574 /* diveSite.swift */,
				D0F2A599262378670084ADBD /* DataParserError.swift */,
				D033EFE526402154002DF85F /* egyptSiteData.json */,
				D0D0B1CF2625C15C008EB1A0 /* JsonParser.swift */,
				D033EFE9264022E7002DF85F /* malaysiaSiteData.json */,
				D033EFEA264022E7002DF85F /* polandSiteData.json */,
				D033EFEB264022E7002DF85F /* sudanSiteData.json */,
			);
			path = diverCompanion;
			sourceTree = "<group>";
		};
/* End PBXGroup section */

/* Begin PBXNativeTarget section */
		D0D7787D26207D7700767574 /* diverCompanion */ = {
			isa = PBXNativeTarget;
			buildConfigurationList = D0D7789226207D7C00767574 /* Build configuration list for PBXNativeTarget "diverCompanion" */;
			buildPhases = (
				D0D7787A26207D7700767574 /* Sources */,
				D0D7787B26207D7700767574 /* Frameworks */,
				D0D7787C26207D7700767574 /* Resources */,
			);
			buildRules = (
			);
			dependencies = (
			);
			name = diverCompanion;
			productName = diverCompanion;
			productReference = D0D7787E26207D7700767574 /* diverCompanion.app */;
			productType = "com.apple.product-type.application";
		};
/* End PBXNativeTarget section */

/* Begin PBXProject section */
		D0D7787626207D7700767574 /* Project object */ = {
			isa = PBXProject;
			attributes = {
				LastSwiftUpdateCheck = 1240;
				LastUpgradeCheck = 1240;
				TargetAttributes = {
					D0D7787D26207D7700767574 = {
						CreatedOnToolsVersion = 12.4;
					};
				};
			};
			buildConfigurationList = D0D7787926207D7700767574 /* Build configuration list for PBXProject "diverCompanion" */;
			compatibilityVersion = "Xcode 9.3";
			developmentRegion = en;
			hasScannedForEncodings = 0;
			knownRegions = (
				en,
				Base,
			);
			mainGroup = D0D7787526207D7700767574;
			productRefGroup = D0D7787F26207D7700767574 /* Products */;
			projectDirPath = "";
			projectRoot = "";
			targets = (
				D0D7787D26207D7700767574 /* diverCompanion */,
			);
		};
/* End PBXProject section */

/* Begin PBXResourcesBuildPhase section */
		D0D7787C26207D7700767574 /* Resources */ = {
			isa = PBXResourcesBuildPhase;
			buildActionMask = 2147483647;
			files = (
				D033EFEE264022E7002DF85F /* sudanSiteData.json in Resources */,
				D033EFED264022E7002DF85F /* polandSiteData.json in Resources */,
				D033EFEC264022E7002DF85F /* malaysiaSiteData.json in Resources */,
				D033EFE626402154002DF85F /* egyptSiteData.json in Resources */,
				D0D7788E26207D7C00767574 /* LaunchScreen.storyboard in Resources */,
				D0D7788B26207D7C00767574 /* Assets.xcassets in Resources */,
				D0D7788926207D7700767574 /* Main.storyboard in Resources */,
			);
			runOnlyForDeploymentPostprocessing = 0;
		};
/* End PBXResourcesBuildPhase section */

/* Begin PBXSourcesBuildPhase section */
		D0D7787A26207D7700767574 /* Sources */ = {
			isa = PBXSourcesBuildPhase;
			buildActionMask = 2147483647;
			files = (
				D0D7788626207D7700767574 /* ViewController.swift in Sources */,
				D0F2A59A262378670084ADBD /* DataParserError.swift in Sources */,
				D0D0B1D02625C15C008EB1A0 /* JsonParser.swift in Sources */,
				D0D77897262088EF00767574 /* diveSite.swift in Sources */,
				D0D7788226207D7700767574 /* AppDelegate.swift in Sources */,
				D0D7788426207D7700767574 /* SceneDelegate.swift in Sources */,
			);
			runOnlyForDeploymentPostprocessing = 0;
		};
/* End PBXSourcesBuildPhase section */

/* Begin PBXVariantGroup section */
		D0D7788726207D7700767574 /* Main.storyboard */ = {
			isa = PBXVariantGroup;
			children = (
				D0D7788826207D7700767574 /* Base */,
			);
			name = Main.storyboard;
			sourceTree = "<group>";
		};
		D0D7788C26207D7C00767574 /* LaunchScreen.storyboard */ = {
			isa = PBXVariantGroup;
			children = (
				D0D7788D26207D7C00767574 /* Base */,
			);
			name = LaunchScreen.storyboard;
			sourceTree = "<group>";
		};
/* End PBXVariantGroup section */

/* Begin XCBuildConfiguration section */
		D0D7789026207D7C00767574 /* Debug */ = {
			isa = XCBuildConfiguration;
			buildSettings = {
				ALWAYS_SEARCH_USER_PATHS = NO;
				CLANG_ANALYZER_NONNULL = YES;
				CLANG_ANALYZER_NUMBER_OBJECT_CONVERSION = YES_AGGRESSIVE;
				CLANG_CXX_LANGUAGE_STANDARD = "gnu++14";
				CLANG_CXX_LIBRARY = "libc++";
				CLANG_ENABLE_MODULES = YES;
				CLANG_ENABLE_OBJC_ARC = YES;
				CLANG_ENABLE_OBJC_WEAK = YES;
				CLANG_WARN_BLOCK_CAPTURE_AUTORELEASING = YES;
				CLANG_WARN_BOOL_CONVERSION = YES;
				CLANG_WARN_COMMA = YES;
				CLANG_WARN_CONSTANT_CONVERSION = YES;
				CLANG_WARN_DEPRECATED_OBJC_IMPLEMENTATIONS = YES;
				CLANG_WARN_DIRECT_OBJC_ISA_USAGE = YES_ERROR;
				CLANG_WARN_DOCUMENTATION_COMMENTS = YES;
				CLANG_WARN_EMPTY_BODY = YES;
				CLANG_WARN_ENUM_CONVERSION = YES;
				CLANG_WARN_INFINITE_RECURSION = YES;
				CLANG_WARN_INT_CONVERSION = YES;
				CLANG_WARN_NON_LITERAL_NULL_CONVERSION = YES;
				CLANG_WARN_OBJC_IMPLICIT_RETAIN_SELF = YES;
				CLANG_WARN_OBJC_LITERAL_CONVERSION = YES;
				CLANG_WARN_OBJC_ROOT_CLASS = YES_ERROR;
				CLANG_WARN_QUOTED_INCLUDE_IN_FRAMEWORK_HEADER = YES;
				CLANG_WARN_RANGE_LOOP_ANALYSIS = YES;
				CLANG_WARN_STRICT_PROTOTYPES = YES;
				CLANG_WARN_SUSPICIOUS_MOVE = YES;
				CLANG_WARN_UNGUARDED_AVAILABILITY = YES_AGGRESSIVE;
				CLANG_WARN_UNREACHABLE_CODE = YES;
				CLANG_WARN__DUPLICATE_METHOD_MATCH = YES;
				COPY_PHASE_STRIP = NO;
				DEBUG_INFORMATION_FORMAT = dwarf;
				ENABLE_STRICT_OBJC_MSGSEND = YES;
				ENABLE_TESTABILITY = YES;
				GCC_C_LANGUAGE_STANDARD = gnu11;
				GCC_DYNAMIC_NO_PIC = NO;
				GCC_NO_COMMON_BLOCKS = YES;
				GCC_OPTIMIZATION_LEVEL = 0;
				GCC_PREPROCESSOR_DEFINITIONS = (
					"DEBUG=1",
					"$(inherited)",
				);
				GCC_WARN_64_TO_32_BIT_CONVERSION = YES;
				GCC_WARN_ABOUT_RETURN_TYPE = YES_ERROR;
				GCC_WARN_UNDECLARED_SELECTOR = YES;
				GCC_WARN_UNINITIALIZED_AUTOS = YES_AGGRESSIVE;
				GCC_WARN_UNUSED_FUNCTION = YES;
				GCC_WARN_UNUSED_VARIABLE = YES;
				IPHONEOS_DEPLOYMENT_TARGET = 14.4;
				MTL_ENABLE_DEBUG_INFO = INCLUDE_SOURCE;
				MTL_FAST_MATH = YES;
				ONLY_ACTIVE_ARCH = YES;
				SDKROOT = iphoneos;
				SWIFT_ACTIVE_COMPILATION_CONDITIONS = DEBUG;
				SWIFT_OPTIMIZATION_LEVEL = "-Onone";
			};
			name = Debug;
		};
		D0D7789126207D7C00767574 /* Release */ = {
			isa = XCBuildConfiguration;
			buildSettings = {
				ALWAYS_SEARCH_USER_PATHS = NO;
				CLANG_ANALYZER_NONNULL = YES;
				CLANG_ANALYZER_NUMBER_OBJECT_CONVERSION = YES_AGGRESSIVE;
				CLANG_CXX_LANGUAGE_STANDARD = "gnu++14";
				CLANG_CXX_LIBRARY = "libc++";
				CLANG_ENABLE_MODULES = YES;
				CLANG_ENABLE_OBJC_ARC = YES;
				CLANG_ENABLE_OBJC_WEAK = YES;
				CLANG_WARN_BLOCK_CAPTURE_AUTORELEASING = YES;
				CLANG_WARN_BOOL_CONVERSION = YES;
				CLANG_WARN_COMMA = YES;
				CLANG_WARN_CONSTANT_CONVERSION = YES;
				CLANG_WARN_DEPRECATED_OBJC_IMPLEMENTATIONS = YES;
				CLANG_WARN_DIRECT_OBJC_ISA_USAGE = YES_ERROR;
				CLANG_WARN_DOCUMENTATION_COMMENTS = YES;
				CLANG_WARN_EMPTY_BODY = YES;
				CLANG_WARN_ENUM_CONVERSION = YES;
				CLANG_WARN_INFINITE_RECURSION = YES;
				CLANG_WARN_INT_CONVERSION = YES;
				CLANG_WARN_NON_LITERAL_NULL_CONVERSION = YES;
				CLANG_WARN_OBJC_IMPLICIT_RETAIN_SELF = YES;
				CLANG_WARN_OBJC_LITERAL_CONVERSION = YES;
				CLANG_WARN_OBJC_ROOT_CLASS = YES_ERROR;
				CLANG_WARN_QUOTED_INCLUDE_IN_FRAMEWORK_HEADER = YES;
				CLANG_WARN_RANGE_LOOP_ANALYSIS = YES;
				CLANG_WARN_STRICT_PROTOTYPES = YES;
				CLANG_WARN_SUSPICIOUS_MOVE = YES;
				CLANG_WARN_UNGUARDED_AVAILABILITY = YES_AGGRESSIVE;
				CLANG_WARN_UNREACHABLE_CODE = YES;
				CLANG_WARN__DUPLICATE_METHOD_MATCH = YES;
				COPY_PHASE_STRIP = NO;
				DEBUG_INFORMATION_FORMAT = "dwarf-with-dsym";
				ENABLE_NS_ASSERTIONS = NO;
				ENABLE_STRICT_OBJC_MSGSEND = YES;
				GCC_C_LANGUAGE_STANDARD = gnu11;
				GCC_NO_COMMON_BLOCKS = YES;
				GCC_WARN_64_TO_32_BIT_CONVERSION = YES;
				GCC_WARN_ABOUT_RETURN_TYPE = YES_ERROR;
				GCC_WARN_UNDECLARED_SELECTOR = YES;
				GCC_WARN_UNINITIALIZED_AUTOS = YES_AGGRESSIVE;
				GCC_WARN_UNUSED_FUNCTION = YES;
				GCC_WARN_UNUSED_VARIABLE = YES;
				IPHONEOS_DEPLOYMENT_TARGET = 14.4;
				MTL_ENABLE_DEBUG_INFO = NO;
				MTL_FAST_MATH = YES;
				SDKROOT = iphoneos;
				SWIFT_COMPILATION_MODE = wholemodule;
				SWIFT_OPTIMIZATION_LEVEL = "-O";
				VALIDATE_PRODUCT = YES;
			};
			name = Release;
		};
		D0D7789326207D7C00767574 /* Debug */ = {
			isa = XCBuildConfiguration;
			buildSettings = {
				ASSETCATALOG_COMPILER_APPICON_NAME = AppIcon;
				ASSETCATALOG_COMPILER_GLOBAL_ACCENT_COLOR_NAME = AccentColor;
				CODE_SIGN_STYLE = Automatic;
				DEVELOPMENT_TEAM = PNR29ZCK6M;
				INFOPLIST_FILE = diverCompanion/Info.plist;
				LD_RUNPATH_SEARCH_PATHS = (
					"$(inherited)",
					"@executable_path/Frameworks",
				);
				PRODUCT_BUNDLE_IDENTIFIER = miko.diverCompanion;
				PRODUCT_NAME = "$(TARGET_NAME)";
				SWIFT_VERSION = 5.0;
				TARGETED_DEVICE_FAMILY = "1,2";
			};
			name = Debug;
		};
		D0D7789426207D7C00767574 /* Release */ = {
			isa = XCBuildConfiguration;
			buildSettings = {
				ASSETCATALOG_COMPILER_APPICON_NAME = AppIcon;
				ASSETCATALOG_COMPILER_GLOBAL_ACCENT_COLOR_NAME = AccentColor;
				CODE_SIGN_STYLE = Automatic;
				DEVELOPMENT_TEAM = PNR29ZCK6M;
				INFOPLIST_FILE = diverCompanion/Info.plist;
				LD_RUNPATH_SEARCH_PATHS = (
					"$(inherited)",
					"@executable_path/Frameworks",
				);
				PRODUCT_BUNDLE_IDENTIFIER = miko.diverCompanion;
				PRODUCT_NAME = "$(TARGET_NAME)";
				SWIFT_VERSION = 5.0;
				TARGETED_DEVICE_FAMILY = "1,2";
			};
			name = Release;
		};
/* End XCBuildConfiguration section */

/* Begin XCConfigurationList section */
		D0D7787926207D7700767574 /* Build configuration list for PBXProject "diverCompanion" */ = {
			isa = XCConfigurationList;
			buildConfigurations = (
				D0D7789026207D7C00767574 /* Debug */,
				D0D7789126207D7C00767574 /* Release */,
			);
			defaultConfigurationIsVisible = 0;
			defaultConfigurationName = Release;
		};
		D0D7789226207D7C00767574 /* Build configuration list for PBXNativeTarget "diverCompanion" */ = {
			isa = XCConfigurationList;
			buildConfigurations = (
				D0D7789326207D7C00767574 /* Debug */,
				D0D7789426207D7C00767574 /* Release */,
			);
			defaultConfigurationIsVisible = 0;
			defaultConfigurationName = Release;
		};
/* End XCConfigurationList section */
	};
	rootObject = D0D7787626207D7700767574 /* Project object */;
}
